
Microsoft Visual Studio Solution File, Format Version 12.00
# Visual Studio 15
Project("{FAE04EC0-301F-11D3-BF4B-00C04F79EFBC}") = "solution.sln", "solution.sln\solution.sln.csproj", "{FA951285-B410-4074-B034-621041B4BB7E}"
EndProject
Global
	GlobalSection(SolutionConfigurationPlatforms) = preSolution
		Debug|Any CPU = Debug|Any CPU
		Release|Any CPU = Release|Any CPU
	EndGlobalSection
	GlobalSection(ProjectConfigurationPlatforms) = postSolution
		{FA951285-B410-4074-B034-621041B4BB7E}.Debug|Any CPU.ActiveCfg = Debug|Any CPU
		{FA951285-B410-4074-B034-621041B4BB7E}.Debug|Any CPU.Build.0 = Debug|Any CPU
		{FA951285-B410-4074-B034-621041B4BB7E}.Release|Any CPU.ActiveCfg = Release|Any CPU
		{FA951285-B410-4074-B034-621041B4BB7E}.Release|Any CPU.Build.0 = Release|Any CPU
	EndGlobalSection
EndGlobal
